// !$*UTF8*$!
{
	archiveVersion = 1;
	classes = {
	};
	objectVersion = 48;
	objects = {

/* Begin PBXBuildFile section */
		748A59261FDD932C003EFFC9 /* MenuTableViewController.m in Sources */ = {isa = PBXBuildFile; fileRef = 748A59251FDD932C003EFFC9 /* MenuTableViewController.m */; };
		748A59291FDD9CE2003EFFC9 /* Level.m in Sources */ = {isa = PBXBuildFile; fileRef = 748A59281FDD9CE2003EFFC9 /* Level.m */; };
		748A592C1FDD9FC7003EFFC9 /* LetterCell.xib in Resources */ = {isa = PBXBuildFile; fileRef = 748A592B1FDD9FC7003EFFC9 /* LetterCell.xib */; };
		748A592F1FDDA014003EFFC9 /* LetterCell.m in Sources */ = {isa = PBXBuildFile; fileRef = 748A592E1FDDA014003EFFC9 /* LetterCell.m */; };
		748A59311FE1F25C003EFFC9 /* 4-character-words-rus.txt in Resources */ = {isa = PBXBuildFile; fileRef = 748A59301FE1F25B003EFFC9 /* 4-character-words-rus.txt */; };
		74A58EE41F93EC5300AA8E83 /* AppDelegate.m in Sources */ = {isa = PBXBuildFile; fileRef = 74A58EE31F93EC5300AA8E83 /* AppDelegate.m */; };
		74A58EE71F93EC5300AA8E83 /* GameSceneViewController.m in Sources */ = {isa = PBXBuildFile; fileRef = 74A58EE61F93EC5300AA8E83 /* GameSceneViewController.m */; };
		74A58EEA1F93EC5400AA8E83 /* Main.storyboard in Resources */ = {isa = PBXBuildFile; fileRef = 74A58EE81F93EC5400AA8E83 /* Main.storyboard */; };
		74A58EEC1F93EC5400AA8E83 /* Assets.xcassets in Resources */ = {isa = PBXBuildFile; fileRef = 74A58EEB1F93EC5400AA8E83 /* Assets.xcassets */; };
		74A58EEF1F93EC5400AA8E83 /* LaunchScreen.storyboard in Resources */ = {isa = PBXBuildFile; fileRef = 74A58EED1F93EC5400AA8E83 /* LaunchScreen.storyboard */; };
		74A58EF21F93EC5400AA8E83 /* main.m in Sources */ = {isa = PBXBuildFile; fileRef = 74A58EF11F93EC5400AA8E83 /* main.m */; };
		F40E91E58C4B64BFB57E7F19 /* libPods-Swords.a in Frameworks */ = {isa = PBXBuildFile; fileRef = 77954363EFDC1B11234BB04F /* libPods-Swords.a */; };
/* End PBXBuildFile section */

/* Begin PBXFileReference section */
		0CFB7AE4EA602775E2D217C5 /* Pods-Swords.debug.xcconfig */ = {isa = PBXFileReference; includeInIndex = 1; lastKnownFileType = text.xcconfig; name = "Pods-Swords.debug.xcconfig"; path = "Pods/Target Support Files/Pods-Swords/Pods-Swords.debug.xcconfig"; sourceTree = "<group>"; };
		748A59241FDD932C003EFFC9 /* MenuTableViewController.h */ = {isa = PBXFileReference; lastKnownFileType = sourcecode.c.h; path = MenuTableViewController.h; sourceTree = "<group>"; };
		748A59251FDD932C003EFFC9 /* MenuTableViewController.m */ = {isa = PBXFileReference; lastKnownFileType = sourcecode.c.objc; path = MenuTableViewController.m; sourceTree = "<group>"; };
		748A59271FDD9CE2003EFFC9 /* Level.h */ = {isa = PBXFileReference; lastKnownFileType = sourcecode.c.h; path = Level.h; sourceTree = "<group>"; };
		748A59281FDD9CE2003EFFC9 /* Level.m */ = {isa = PBXFileReference; lastKnownFileType = sourcecode.c.objc; path = Level.m; sourceTree = "<group>"; };
		748A592B1FDD9FC7003EFFC9 /* LetterCell.xib */ = {isa = PBXFileReference; lastKnownFileType = file.xib; path = LetterCell.xib; sourceTree = "<group>"; };
		748A592D1FDDA014003EFFC9 /* LetterCell.h */ = {isa = PBXFileReference; lastKnownFileType = sourcecode.c.h; path = LetterCell.h; sourceTree = "<group>"; };
		748A592E1FDDA014003EFFC9 /* LetterCell.m */ = {isa = PBXFileReference; lastKnownFileType = sourcecode.c.objc; path = LetterCell.m; sourceTree = "<group>"; };
		748A59301FE1F25B003EFFC9 /* 4-character-words-rus.txt */ = {isa = PBXFileReference; fileEncoding = 4; lastKnownFileType = text; path = "4-character-words-rus.txt"; sourceTree = "<group>"; };
		74A58EDF1F93EC5300AA8E83 /* Swords.app */ = {isa = PBXFileReference; explicitFileType = wrapper.application; includeInIndex = 0; path = Swords.app; sourceTree = BUILT_PRODUCTS_DIR; };
		74A58EE21F93EC5300AA8E83 /* AppDelegate.h */ = {isa = PBXFileReference; lastKnownFileType = sourcecode.c.h; path = AppDelegate.h; sourceTree = "<group>"; };
		74A58EE31F93EC5300AA8E83 /* AppDelegate.m */ = {isa = PBXFileReference; lastKnownFileType = sourcecode.c.objc; path = AppDelegate.m; sourceTree = "<group>"; };
		74A58EE51F93EC5300AA8E83 /* GameSceneViewController.h */ = {isa = PBXFileReference; lastKnownFileType = sourcecode.c.h; path = GameSceneViewController.h; sourceTree = "<group>"; };
		74A58EE61F93EC5300AA8E83 /* GameSceneViewController.m */ = {isa = PBXFileReference; lastKnownFileType = sourcecode.c.objc; path = GameSceneViewController.m; sourceTree = "<group>"; };
		74A58EE91F93EC5400AA8E83 /* Base */ = {isa = PBXFileReference; lastKnownFileType = file.storyboard; name = Base; path = Base.lproj/Main.storyboard; sourceTree = "<group>"; };
		74A58EEB1F93EC5400AA8E83 /* Assets.xcassets */ = {isa = PBXFileReference; lastKnownFileType = folder.assetcatalog; path = Assets.xcassets; sourceTree = "<group>"; };
		74A58EEE1F93EC5400AA8E83 /* Base */ = {isa = PBXFileReference; lastKnownFileType = file.storyboard; name = Base; path = Base.lproj/LaunchScreen.storyboard; sourceTree = "<group>"; };
		74A58EF01F93EC5400AA8E83 /* Info.plist */ = {isa = PBXFileReference; lastKnownFileType = text.plist.xml; path = Info.plist; sourceTree = "<group>"; };
		74A58EF11F93EC5400AA8E83 /* main.m */ = {isa = PBXFileReference; lastKnownFileType = sourcecode.c.objc; path = main.m; sourceTree = "<group>"; };
		77954363EFDC1B11234BB04F /* libPods-Swords.a */ = {isa = PBXFileReference; explicitFileType = archive.ar; includeInIndex = 0; path = "libPods-Swords.a"; sourceTree = BUILT_PRODUCTS_DIR; };
		97A01EEFDB3A61B15473A167 /* Pods-Swords.release.xcconfig */ = {isa = PBXFileReference; includeInIndex = 1; lastKnownFileType = text.xcconfig; name = "Pods-Swords.release.xcconfig"; path = "Pods/Target Support Files/Pods-Swords/Pods-Swords.release.xcconfig"; sourceTree = "<group>"; };
/* End PBXFileReference section */

/* Begin PBXFrameworksBuildPhase section */
		74A58EDC1F93EC5300AA8E83 /* Frameworks */ = {
			isa = PBXFrameworksBuildPhase;
			buildActionMask = 2147483647;
			files = (
				F40E91E58C4B64BFB57E7F19 /* libPods-Swords.a in Frameworks */,
			);
			runOnlyForDeploymentPostprocessing = 0;
		};
/* End PBXFrameworksBuildPhase section */

/* Begin PBXGroup section */
		0158854C5E1D52FB4CC23457 /* Frameworks */ = {
			isa = PBXGroup;
			children = (
				77954363EFDC1B11234BB04F /* libPods-Swords.a */,
			);
			name = Frameworks;
			sourceTree = "<group>";
		};
		44CD1F3CC6771485FB0079F7 /* Pods */ = {
			isa = PBXGroup;
			children = (
				0CFB7AE4EA602775E2D217C5 /* Pods-Swords.debug.xcconfig */,
				97A01EEFDB3A61B15473A167 /* Pods-Swords.release.xcconfig */,
			);
			name = Pods;
			sourceTree = "<group>";
		};
		748A592A1FDD9F8D003EFFC9 /* Letter Cell */ = {
			isa = PBXGroup;
			children = (
				748A592B1FDD9FC7003EFFC9 /* LetterCell.xib */,
				748A592D1FDDA014003EFFC9 /* LetterCell.h */,
				748A592E1FDDA014003EFFC9 /* LetterCell.m */,
			);
			path = "Letter Cell";
			sourceTree = "<group>";
		};
		74A58ED61F93EC5300AA8E83 = {
			isa = PBXGroup;
			children = (
				74A58EE11F93EC5300AA8E83 /* Swords */,
				74A58EE01F93EC5300AA8E83 /* Products */,
				44CD1F3CC6771485FB0079F7 /* Pods */,
				0158854C5E1D52FB4CC23457 /* Frameworks */,
			);
			sourceTree = "<group>";
		};
		74A58EE01F93EC5300AA8E83 /* Products */ = {
			isa = PBXGroup;
			children = (
				74A58EDF1F93EC5300AA8E83 /* Swords.app */,
			);
			name = Products;
			sourceTree = "<group>";
		};
		74A58EE11F93EC5300AA8E83 /* Swords */ = {
			isa = PBXGroup;
			children = (
				74A58EE21F93EC5300AA8E83 /* AppDelegate.h */,
				74A58EE31F93EC5300AA8E83 /* AppDelegate.m */,
				74A58EE81F93EC5400AA8E83 /* Main.storyboard */,
				74A58EE51F93EC5300AA8E83 /* GameSceneViewController.h */,
				74A58EE61F93EC5300AA8E83 /* GameSceneViewController.m */,
				748A59271FDD9CE2003EFFC9 /* Level.h */,
				748A59281FDD9CE2003EFFC9 /* Level.m */,
				748A592A1FDD9F8D003EFFC9 /* Letter Cell */,
				748A59241FDD932C003EFFC9 /* MenuTableViewController.h */,
				748A59251FDD932C003EFFC9 /* MenuTableViewController.m */,
				74A58EEB1F93EC5400AA8E83 /* Assets.xcassets */,
				74A58EED1F93EC5400AA8E83 /* LaunchScreen.storyboard */,
				74A58EF01F93EC5400AA8E83 /* Info.plist */,
				74A58EF11F93EC5400AA8E83 /* main.m */,
				748A59301FE1F25B003EFFC9 /* 4-character-words-rus.txt */,
			);
			path = Swords;
			sourceTree = "<group>";
		};
/* End PBXGroup section */

/* Begin PBXNativeTarget section */
		74A58EDE1F93EC5300AA8E83 /* Swords */ = {
			isa = PBXNativeTarget;
			buildConfigurationList = 74A58EF51F93EC5400AA8E83 /* Build configuration list for PBXNativeTarget "Swords" */;
			buildPhases = (
				BB46D8A8DCBC977F2608D766 /* [CP] Check Pods Manifest.lock */,
				74A58EDB1F93EC5300AA8E83 /* Sources */,
				74A58EDC1F93EC5300AA8E83 /* Frameworks */,
				74A58EDD1F93EC5300AA8E83 /* Resources */,
				7CE084628D68F689EB5F9C6A /* [CP] Embed Pods Frameworks */,
				89152C94620630B1C70FDDE3 /* [CP] Copy Pods Resources */,
			);
			buildRules = (
			);
			dependencies = (
			);
			name = Swords;
			productName = Swords;
			productReference = 74A58EDF1F93EC5300AA8E83 /* Swords.app */;
			productType = "com.apple.product-type.application";
		};
/* End PBXNativeTarget section */

/* Begin PBXProject section */
		74A58ED71F93EC5300AA8E83 /* Project object */ = {
			isa = PBXProject;
			attributes = {
				LastUpgradeCheck = 0900;
				ORGANIZATIONNAME = egor;
				TargetAttributes = {
					74A58EDE1F93EC5300AA8E83 = {
						CreatedOnToolsVersion = 9.0;
						ProvisioningStyle = Automatic;
					};
				};
			};
			buildConfigurationList = 74A58EDA1F93EC5300AA8E83 /* Build configuration list for PBXProject "Swords" */;
			compatibilityVersion = "Xcode 8.0";
			developmentRegion = en;
			hasScannedForEncodings = 0;
			knownRegions = (
				en,
				Base,
			);
			mainGroup = 74A58ED61F93EC5300AA8E83;
			productRefGroup = 74A58EE01F93EC5300AA8E83 /* Products */;
			projectDirPath = "";
			projectRoot = "";
			targets = (
				74A58EDE1F93EC5300AA8E83 /* Swords */,
			);
		};
/* End PBXProject section */

/* Begin PBXResourcesBuildPhase section */
		74A58EDD1F93EC5300AA8E83 /* Resources */ = {
			isa = PBXResourcesBuildPhase;
			buildActionMask = 2147483647;
			files = (
				74A58EEF1F93EC5400AA8E83 /* LaunchScreen.storyboard in Resources */,
				74A58EEC1F93EC5400AA8E83 /* Assets.xcassets in Resources */,
				74A58EEA1F93EC5400AA8E83 /* Main.storyboard in Resources */,
				748A59311FE1F25C003EFFC9 /* 4-character-words-rus.txt in Resources */,
				748A592C1FDD9FC7003EFFC9 /* LetterCell.xib in Resources */,
			);
			runOnlyForDeploymentPostprocessing = 0;
		};
/* End PBXResourcesBuildPhase section */

/* Begin PBXShellScriptBuildPhase section */
		7CE084628D68F689EB5F9C6A /* [CP] Embed Pods Frameworks */ = {
			isa = PBXShellScriptBuildPhase;
			buildActionMask = 2147483647;
			files = (
			);
			inputPaths = (
			);
			name = "[CP] Embed Pods Frameworks";
			outputPaths = (
			);
			runOnlyForDeploymentPostprocessing = 0;
			shellPath = /bin/sh;
			shellScript = "\"${SRCROOT}/Pods/Target Support Files/Pods-Swords/Pods-Swords-frameworks.sh\"\n";
			showEnvVarsInLog = 0;
		};
		89152C94620630B1C70FDDE3 /* [CP] Copy Pods Resources */ = {
			isa = PBXShellScriptBuildPhase;
			buildActionMask = 2147483647;
			files = (
			);
			inputPaths = (
				"${SRCROOT}/Pods/Target Support Files/Pods-Swords/Pods-Swords-resources.sh",
				$PODS_CONFIGURATION_BUILD_DIR/FCAlertView/FCAlertView.bundle,
			);
			name = "[CP] Copy Pods Resources";
			outputPaths = (
				"${TARGET_BUILD_DIR}/${UNLOCALIZED_RESOURCES_FOLDER_PATH}",
			);
			runOnlyForDeploymentPostprocessing = 0;
			shellPath = /bin/sh;
			shellScript = "\"${SRCROOT}/Pods/Target Support Files/Pods-Swords/Pods-Swords-resources.sh\"\n";
			showEnvVarsInLog = 0;
		};
		BB46D8A8DCBC977F2608D766 /* [CP] Check Pods Manifest.lock */ = {
			isa = PBXShellScriptBuildPhase;
			buildActionMask = 2147483647;
			files = (
			);
			inputPaths = (
				"${PODS_PODFILE_DIR_PATH}/Podfile.lock",
				"${PODS_ROOT}/Manifest.lock",
			);
			name = "[CP] Check Pods Manifest.lock";
			outputPaths = (
				"$(DERIVED_FILE_DIR)/Pods-Swords-checkManifestLockResult.txt",
			);
			runOnlyForDeploymentPostprocessing = 0;
			shellPath = /bin/sh;
			shellScript = "diff \"${PODS_PODFILE_DIR_PATH}/Podfile.lock\" \"${PODS_ROOT}/Manifest.lock\" > /dev/null\nif [ $? != 0 ] ; then\n    # print error to STDERR\n    echo \"error: The sandbox is not in sync with the Podfile.lock. Run 'pod install' or update your CocoaPods installation.\" >&2\n    exit 1\nfi\n# This output is used by Xcode 'outputs' to avoid re-running this script phase.\necho \"SUCCESS\" > \"${SCRIPT_OUTPUT_FILE_0}\"\n";
			showEnvVarsInLog = 0;
		};
/* End PBXShellScriptBuildPhase section */

/* Begin PBXSourcesBuildPhase section */
		74A58EDB1F93EC5300AA8E83 /* Sources */ = {
			isa = PBXSourcesBuildPhase;
			buildActionMask = 2147483647;
			files = (
				748A59291FDD9CE2003EFFC9 /* Level.m in Sources */,
				748A59261FDD932C003EFFC9 /* MenuTableViewController.m in Sources */,
				74A58EE71F93EC5300AA8E83 /* GameSceneViewController.m in Sources */,
				748A592F1FDDA014003EFFC9 /* LetterCell.m in Sources */,
				74A58EF21F93EC5400AA8E83 /* main.m in Sources */,
				74A58EE41F93EC5300AA8E83 /* AppDelegate.m in Sources */,
			);
			runOnlyForDeploymentPostprocessing = 0;
		};
/* End PBXSourcesBuildPhase section */

/* Begin PBXVariantGroup section */
		74A58EE81F93EC5400AA8E83 /* Main.storyboard */ = {
			isa = PBXVariantGroup;
			children = (
				74A58EE91F93EC5400AA8E83 /* Base */,
			);
			name = Main.storyboard;
			sourceTree = "<group>";
		};
		74A58EED1F93EC5400AA8E83 /* LaunchScreen.storyboard */ = {
			isa = PBXVariantGroup;
			children = (
				74A58EEE1F93EC5400AA8E83 /* Base */,
			);
			name = LaunchScreen.storyboard;
			sourceTree = "<group>";
		};
/* End PBXVariantGroup section */

/* Begin XCBuildConfiguration section */
		74A58EF31F93EC5400AA8E83 /* Debug */ = {
			isa = XCBuildConfiguration;
			buildSettings = {
				ALWAYS_SEARCH_USER_PATHS = NO;
				CLANG_ANALYZER_NONNULL = YES;
				CLANG_ANALYZER_NUMBER_OBJECT_CONVERSION = YES_AGGRESSIVE;
				CLANG_CXX_LANGUAGE_STANDARD = "gnu++14";
				CLANG_CXX_LIBRARY = "libc++";
				CLANG_ENABLE_MODULES = YES;
				CLANG_ENABLE_OBJC_ARC = YES;
				CLANG_WARN_BLOCK_CAPTURE_AUTORELEASING = YES;
				CLANG_WARN_BOOL_CONVERSION = YES;
				CLANG_WARN_COMMA = YES;
				CLANG_WARN_CONSTANT_CONVERSION = YES;
				CLANG_WARN_DIRECT_OBJC_ISA_USAGE = YES_ERROR;
				CLANG_WARN_DOCUMENTATION_COMMENTS = YES;
				CLANG_WARN_EMPTY_BODY = YES;
				CLANG_WARN_ENUM_CONVERSION = YES;
				CLANG_WARN_INFINITE_RECURSION = YES;
				CLANG_WARN_INT_CONVERSION = YES;
				CLANG_WARN_NON_LITERAL_NULL_CONVERSION = YES;
				CLANG_WARN_OBJC_LITERAL_CONVERSION = YES;
				CLANG_WARN_OBJC_ROOT_CLASS = YES_ERROR;
				CLANG_WARN_RANGE_LOOP_ANALYSIS = YES;
				CLANG_WARN_STRICT_PROTOTYPES = YES;
				CLANG_WARN_SUSPICIOUS_MOVE = YES;
				CLANG_WARN_UNGUARDED_AVAILABILITY = YES_AGGRESSIVE;
				CLANG_WARN_UNREACHABLE_CODE = YES;
				CLANG_WARN__DUPLICATE_METHOD_MATCH = YES;
				CODE_SIGN_IDENTITY = "iPhone Developer";
				COPY_PHASE_STRIP = NO;
				DEBUG_INFORMATION_FORMAT = dwarf;
				ENABLE_STRICT_OBJC_MSGSEND = YES;
				ENABLE_TESTABILITY = YES;
				GCC_C_LANGUAGE_STANDARD = gnu11;
				GCC_DYNAMIC_NO_PIC = NO;
				GCC_NO_COMMON_BLOCKS = YES;
				GCC_OPTIMIZATION_LEVEL = 0;
				GCC_PREPROCESSOR_DEFINITIONS = (
					"DEBUG=1",
					"$(inherited)",
				);
				GCC_WARN_64_TO_32_BIT_CONVERSION = YES;
				GCC_WARN_ABOUT_RETURN_TYPE = YES_ERROR;
				GCC_WARN_UNDECLARED_SELECTOR = YES;
				GCC_WARN_UNINITIALIZED_AUTOS = YES_AGGRESSIVE;
				GCC_WARN_UNUSED_FUNCTION = YES;
				GCC_WARN_UNUSED_VARIABLE = YES;
				IPHONEOS_DEPLOYMENT_TARGET = 11.0;
				MTL_ENABLE_DEBUG_INFO = YES;
				ONLY_ACTIVE_ARCH = YES;
				SDKROOT = iphoneos;
			};
			name = Debug;
		};
		74A58EF41F93EC5400AA8E83 /* Release */ = {
			isa = XCBuildConfiguration;
			buildSettings = {
				ALWAYS_SEARCH_USER_PATHS = NO;
				CLANG_ANALYZER_NONNULL = YES;
				CLANG_ANALYZER_NUMBER_OBJECT_CONVERSION = YES_AGGRESSIVE;
				CLANG_CXX_LANGUAGE_STANDARD = "gnu++14";
				CLANG_CXX_LIBRARY = "libc++";
				CLANG_ENABLE_MODULES = YES;
				CLANG_ENABLE_OBJC_ARC = YES;
				CLANG_WARN_BLOCK_CAPTURE_AUTORELEASING = YES;
				CLANG_WARN_BOOL_CONVERSION = YES;
				CLANG_WARN_COMMA = YES;
				CLANG_WARN_CONSTANT_CONVERSION = YES;
				CLANG_WARN_DIRECT_OBJC_ISA_USAGE = YES_ERROR;
				CLANG_WARN_DOCUMENTATION_COMMENTS = YES;
				CLANG_WARN_EMPTY_BODY = YES;
				CLANG_WARN_ENUM_CONVERSION = YES;
				CLANG_WARN_INFINITE_RECURSION = YES;
				CLANG_WARN_INT_CONVERSION = YES;
				CLANG_WARN_NON_LITERAL_NULL_CONVERSION = YES;
				CLANG_WARN_OBJC_LITERAL_CONVERSION = YES;
				CLANG_WARN_OBJC_ROOT_CLASS = YES_ERROR;
				CLANG_WARN_RANGE_LOOP_ANALYSIS = YES;
				CLANG_WARN_STRICT_PROTOTYPES = YES;
				CLANG_WARN_SUSPICIOUS_MOVE = YES;
				CLANG_WARN_UNGUARDED_AVAILABILITY = YES_AGGRESSIVE;
				CLANG_WARN_UNREACHABLE_CODE = YES;
				CLANG_WARN__DUPLICATE_METHOD_MATCH = YES;
				CODE_SIGN_IDENTITY = "iPhone Developer";
				COPY_PHASE_STRIP = NO;
				DEBUG_INFORMATION_FORMAT = "dwarf-with-dsym";
				ENABLE_NS_ASSERTIONS = NO;
				ENABLE_STRICT_OBJC_MSGSEND = YES;
				GCC_C_LANGUAGE_STANDARD = gnu11;
				GCC_NO_COMMON_BLOCKS = YES;
				GCC_WARN_64_TO_32_BIT_CONVERSION = YES;
				GCC_WARN_ABOUT_RETURN_TYPE = YES_ERROR;
				GCC_WARN_UNDECLARED_SELECTOR = YES;
				GCC_WARN_UNINITIALIZED_AUTOS = YES_AGGRESSIVE;
				GCC_WARN_UNUSED_FUNCTION = YES;
				GCC_WARN_UNUSED_VARIABLE = YES;
				IPHONEOS_DEPLOYMENT_TARGET = 11.0;
				MTL_ENABLE_DEBUG_INFO = NO;
				SDKROOT = iphoneos;
				VALIDATE_PRODUCT = YES;
			};
			name = Release;
		};
		74A58EF61F93EC5400AA8E83 /* Debug */ = {
			isa = XCBuildConfiguration;
			baseConfigurationReference = 0CFB7AE4EA602775E2D217C5 /* Pods-Swords.debug.xcconfig */;
			buildSettings = {
				ASSETCATALOG_COMPILER_APPICON_NAME = AppIcon;
				CODE_SIGN_STYLE = Automatic;
				DEVELOPMENT_TEAM = DD484H6UF4;
				INFOPLIST_FILE = Swords/Info.plist;
				LD_RUNPATH_SEARCH_PATHS = "$(inherited) @executable_path/Frameworks";
				PRODUCT_BUNDLE_IDENTIFIER = sesh.Swords;
				PRODUCT_NAME = "$(TARGET_NAME)";
				TARGETED_DEVICE_FAMILY = "1,2";
			};
			name = Debug;
		};
		74A58EF71F93EC5400AA8E83 /* Release */ = {
			isa = XCBuildConfiguration;
			baseConfigurationReference = 97A01EEFDB3A61B15473A167 /* Pods-Swords.release.xcconfig */;
			buildSettings = {
				ASSETCATALOG_COMPILER_APPICON_NAME = AppIcon;
				CODE_SIGN_STYLE = Automatic;
				DEVELOPMENT_TEAM = DD484H6UF4;
				INFOPLIST_FILE = Swords/Info.plist;
				LD_RUNPATH_SEARCH_PATHS = "$(inherited) @executable_path/Frameworks";
				PRODUCT_BUNDLE_IDENTIFIER = sesh.Swords;
				PRODUCT_NAME = "$(TARGET_NAME)";
				TARGETED_DEVICE_FAMILY = "1,2";
			};
			name = Release;
		};
/* End XCBuildConfiguration section */

/* Begin XCConfigurationList section */
		74A58EDA1F93EC5300AA8E83 /* Build configuration list for PBXProject "Swords" */ = {
			isa = XCConfigurationList;
			buildConfigurations = (
				74A58EF31F93EC5400AA8E83 /* Debug */,
				74A58EF41F93EC5400AA8E83 /* Release */,
			);
			defaultConfigurationIsVisible = 0;
			defaultConfigurationName = Release;
		};
		74A58EF51F93EC5400AA8E83 /* Build configuration list for PBXNativeTarget "Swords" */ = {
			isa = XCConfigurationList;
			buildConfigurations = (
				74A58EF61F93EC5400AA8E83 /* Debug */,
				74A58EF71F93EC5400AA8E83 /* Release */,
			);
			defaultConfigurationIsVisible = 0;
			defaultConfigurationName = Release;
		};
/* End XCConfigurationList section */
	};
	rootObject = 74A58ED71F93EC5300AA8E83 /* Project object */;
}
